
Microsoft Visual Studio Solution File, Format Version 12.00
# Visual Studio 15
Project("{FAE04EC0-301F-11D3-BF4B-00C04F79EFBC}") = "Assembly-CSharp", "Assembly-CSharp.csproj", "{C50D3C5A-94B3-D761-A018-793F26D12D91}"
EndProject
Project("{FAE04EC0-301F-11D3-BF4B-00C04F79EFBC}") = "Lingdar77", "Lingdar77.csproj", "{50DDB83D-9EFC-11BC-17A9-02DC2A24D06B}"
EndProject
Project("{FAE04EC0-301F-11D3-BF4B-00C04F79EFBC}") = "Assembly-CSharp-Editor", "Assembly-CSharp-Editor.csproj", "{BFA989E8-7246-53E1-F4AF-0E50DE0F424A}"
EndProject
Global
	GlobalSection(SolutionConfigurationPlatforms) = preSolution
		Debug|Any CPU = Debug|Any CPU
		Release|Any CPU = Release|Any CPU
	EndGlobalSection
	GlobalSection(ProjectConfigurationPlatforms) = postSolution
		{C50D3C5A-94B3-D761-A018-793F26D12D91}.Debug|Any CPU.ActiveCfg = Debug|Any CPU
		{C50D3C5A-94B3-D761-A018-793F26D12D91}.Debug|Any CPU.Build.0 = Debug|Any CPU
		{C50D3C5A-94B3-D761-A018-793F26D12D91}.Release|Any CPU.ActiveCfg = Release|Any CPU
		{C50D3C5A-94B3-D761-A018-793F26D12D91}.Release|Any CPU.Build.0 = Release|Any CPU
		{50DDB83D-9EFC-11BC-17A9-02DC2A24D06B}.Debug|Any CPU.ActiveCfg = Debug|Any CPU
		{50DDB83D-9EFC-11BC-17A9-02DC2A24D06B}.Debug|Any CPU.Build.0 = Debug|Any CPU
		{50DDB83D-9EFC-11BC-17A9-02DC2A24D06B}.Release|Any CPU.ActiveCfg = Release|Any CPU
		{50DDB83D-9EFC-11BC-17A9-02DC2A24D06B}.Release|Any CPU.Build.0 = Release|Any CPU
		{BFA989E8-7246-53E1-F4AF-0E50DE0F424A}.Debug|Any CPU.ActiveCfg = Debug|Any CPU
		{BFA989E8-7246-53E1-F4AF-0E50DE0F424A}.Debug|Any CPU.Build.0 = Debug|Any CPU
		{BFA989E8-7246-53E1-F4AF-0E50DE0F424A}.Release|Any CPU.ActiveCfg = Release|Any CPU
		{BFA989E8-7246-53E1-F4AF-0E50DE0F424A}.Release|Any CPU.Build.0 = Release|Any CPU
	EndGlobalSection
	GlobalSection(SolutionProperties) = preSolution
		HideSolutionNode = FALSE
	EndGlobalSection
EndGlobal
