
Microsoft Visual Studio Solution File, Format Version 12.00
# Visual Studio Version 17
VisualStudioVersion = 17.3.32901.215
MinimumVisualStudioVersion = 10.0.40219.1
Project("{FAE04EC0-301F-11D3-BF4B-00C04F79EFBC}") = "Assembly-CSharp", "Assembly-CSharp.csproj", "{106C42BF-A3DD-F0B8-53D9-F3EA3AACF511}"
EndProject
Project("{FAE04EC0-301F-11D3-BF4B-00C04F79EFBC}") = "Lingdar77", "Lingdar77.csproj", "{3888F890-12A0-CF04-E881-35DA7819EEB9}"
EndProject
Project("{FAE04EC0-301F-11D3-BF4B-00C04F79EFBC}") = "Assembly-CSharp-Editor", "Assembly-CSharp-Editor.csproj", "{BFA989E8-7246-53E1-F4AF-0E50DE0F424A}"
EndProject
Global
	GlobalSection(SolutionConfigurationPlatforms) = preSolution
		Debug|Any CPU = Debug|Any CPU
		Release|Any CPU = Release|Any CPU
	EndGlobalSection
	GlobalSection(ProjectConfigurationPlatforms) = postSolution
		{106C42BF-A3DD-F0B8-53D9-F3EA3AACF511}.Debug|Any CPU.ActiveCfg = Debug|Any CPU
		{106C42BF-A3DD-F0B8-53D9-F3EA3AACF511}.Debug|Any CPU.Build.0 = Debug|Any CPU
		{106C42BF-A3DD-F0B8-53D9-F3EA3AACF511}.Release|Any CPU.ActiveCfg = Release|Any CPU
		{106C42BF-A3DD-F0B8-53D9-F3EA3AACF511}.Release|Any CPU.Build.0 = Release|Any CPU
		{3888F890-12A0-CF04-E881-35DA7819EEB9}.Debug|Any CPU.ActiveCfg = Debug|Any CPU
		{3888F890-12A0-CF04-E881-35DA7819EEB9}.Debug|Any CPU.Build.0 = Debug|Any CPU
		{3888F890-12A0-CF04-E881-35DA7819EEB9}.Release|Any CPU.ActiveCfg = Release|Any CPU
		{3888F890-12A0-CF04-E881-35DA7819EEB9}.Release|Any CPU.Build.0 = Release|Any CPU
		{BFA989E8-7246-53E1-F4AF-0E50DE0F424A}.Debug|Any CPU.ActiveCfg = Debug|Any CPU
		{BFA989E8-7246-53E1-F4AF-0E50DE0F424A}.Debug|Any CPU.Build.0 = Debug|Any CPU
		{BFA989E8-7246-53E1-F4AF-0E50DE0F424A}.Release|Any CPU.ActiveCfg = Release|Any CPU
		{BFA989E8-7246-53E1-F4AF-0E50DE0F424A}.Release|Any CPU.Build.0 = Release|Any CPU
	EndGlobalSection
	GlobalSection(SolutionProperties) = preSolution
		HideSolutionNode = FALSE
	EndGlobalSection
	GlobalSection(ExtensibilityGlobals) = postSolution
		SolutionGuid = {B4C5DBF3-3A7F-4064-8A7B-B2E12951C5D5}
	EndGlobalSection
EndGlobal
